// !$*UTF8*$!
{
	archiveVersion = 1;
	classes = {
	};
	objectVersion = 48;
	objects = {

/* Begin PBXBuildFile section */
		247D8AEFA8F85CCF942A45EB /* libPods-BasePodFoundationDemo.a in Frameworks */ = {isa = PBXBuildFile; fileRef = D5F0B79B93E001182062988D /* libPods-BasePodFoundationDemo.a */; };
		6530F53820D2388B00D55101 /* ZLTabBarViewController.m in Sources */ = {isa = PBXBuildFile; fileRef = 6530F53720D2388B00D55101 /* ZLTabBarViewController.m */; };
		6530F53E20D238A600D55101 /* +.png in Resources */ = {isa = PBXBuildFile; fileRef = 6530F53920D238A600D55101 /* +.png */; };
		6530F53F20D238A600D55101 /* +@2x.png in Resources */ = {isa = PBXBuildFile; fileRef = 6530F53A20D238A600D55101 /* +@2x.png */; };
		6530F54020D238A600D55101 /* ZLTabBar.m in Sources */ = {isa = PBXBuildFile; fileRef = 6530F53C20D238A600D55101 /* ZLTabBar.m */; };
		6530F54120D238A600D55101 /* +@3x.png in Resources */ = {isa = PBXBuildFile; fileRef = 6530F53D20D238A600D55101 /* +@3x.png */; };
		6530F54D20D238DC00D55101 /* JLRRouteDefinition.m in Sources */ = {isa = PBXBuildFile; fileRef = 6530F54320D238DC00D55101 /* JLRRouteDefinition.m */; };
		6530F54E20D238DC00D55101 /* JLRoutes.m in Sources */ = {isa = PBXBuildFile; fileRef = 6530F54520D238DC00D55101 /* JLRoutes.m */; };
		6530F54F20D238DC00D55101 /* JLROptionalRouteParser.m in Sources */ = {isa = PBXBuildFile; fileRef = 6530F54720D238DC00D55101 /* JLROptionalRouteParser.m */; };
		6530F55020D238DC00D55101 /* JLRRouteRequest.m in Sources */ = {isa = PBXBuildFile; fileRef = 6530F54920D238DC00D55101 /* JLRRouteRequest.m */; };
		6530F55120D238DC00D55101 /* JLRRouteResponse.m in Sources */ = {isa = PBXBuildFile; fileRef = 6530F54B20D238DC00D55101 /* JLRRouteResponse.m */; };
		6530F55920D23E9800D55101 /* BaseViewController.m in Sources */ = {isa = PBXBuildFile; fileRef = 6530F55820D23E9800D55101 /* BaseViewController.m */; };
		6530F55C20D23EBE00D55101 /* HomeViewController.m in Sources */ = {isa = PBXBuildFile; fileRef = 6530F55B20D23EBE00D55101 /* HomeViewController.m */; };
		6530F56120D23F9800D55101 /* ActivityViewController.m in Sources */ = {isa = PBXBuildFile; fileRef = 6530F56020D23F9800D55101 /* ActivityViewController.m */; };
		6530F56520D2400400D55101 /* FindViewController.m in Sources */ = {isa = PBXBuildFile; fileRef = 6530F56420D2400400D55101 /* FindViewController.m */; };
		6530F56C20D240E800D55101 /* MineTViewController.m in Sources */ = {isa = PBXBuildFile; fileRef = 6530F56B20D240E800D55101 /* MineTViewController.m */; };
		6530F57020D2443C00D55101 /* LoginViewController.m in Sources */ = {isa = PBXBuildFile; fileRef = 6530F56F20D2443B00D55101 /* LoginViewController.m */; };
		653B1B8A20AE77B1009A9B96 /* AppDelegate.m in Sources */ = {isa = PBXBuildFile; fileRef = 653B1B8920AE77B1009A9B96 /* AppDelegate.m */; };
		653B1B8D20AE77B1009A9B96 /* ViewController.m in Sources */ = {isa = PBXBuildFile; fileRef = 653B1B8C20AE77B1009A9B96 /* ViewController.m */; };
		653B1B9020AE77B1009A9B96 /* Main.storyboard in Resources */ = {isa = PBXBuildFile; fileRef = 653B1B8E20AE77B1009A9B96 /* Main.storyboard */; };
		653B1B9220AE77B1009A9B96 /* Assets.xcassets in Resources */ = {isa = PBXBuildFile; fileRef = 653B1B9120AE77B1009A9B96 /* Assets.xcassets */; };
		653B1B9520AE77B1009A9B96 /* LaunchScreen.storyboard in Resources */ = {isa = PBXBuildFile; fileRef = 653B1B9320AE77B1009A9B96 /* LaunchScreen.storyboard */; };
		653B1B9820AE77B1009A9B96 /* main.m in Sources */ = {isa = PBXBuildFile; fileRef = 653B1B9720AE77B1009A9B96 /* main.m */; };
		653B1BA220AE77B2009A9B96 /* BasePodFoundationDemoTests.m in Sources */ = {isa = PBXBuildFile; fileRef = 653B1BA120AE77B2009A9B96 /* BasePodFoundationDemoTests.m */; };
		653B1BAD20AE77B2009A9B96 /* BasePodFoundationDemoUITests.m in Sources */ = {isa = PBXBuildFile; fileRef = 653B1BAC20AE77B2009A9B96 /* BasePodFoundationDemoUITests.m */; };
		65F4DB6620DB8059006918F5 /* UIImage+ImageRuntime.m in Sources */ = {isa = PBXBuildFile; fileRef = 65F4DB6520DB8059006918F5 /* UIImage+ImageRuntime.m */; };
		65F4DB6920DB8813006918F5 /* NSObject+property.m in Sources */ = {isa = PBXBuildFile; fileRef = 65F4DB6820DB8813006918F5 /* NSObject+property.m */; };
/* End PBXBuildFile section */

/* Begin PBXContainerItemProxy section */
		653B1B9E20AE77B2009A9B96 /* PBXContainerItemProxy */ = {
			isa = PBXContainerItemProxy;
			containerPortal = 653B1B7D20AE77B1009A9B96 /* Project object */;
			proxyType = 1;
			remoteGlobalIDString = 653B1B8420AE77B1009A9B96;
			remoteInfo = BasePodFoundationDemo;
		};
		653B1BA920AE77B2009A9B96 /* PBXContainerItemProxy */ = {
			isa = PBXContainerItemProxy;
			containerPortal = 653B1B7D20AE77B1009A9B96 /* Project object */;
			proxyType = 1;
			remoteGlobalIDString = 653B1B8420AE77B1009A9B96;
			remoteInfo = BasePodFoundationDemo;
		};
/* End PBXContainerItemProxy section */

/* Begin PBXFileReference section */
		4B2F2ABB9446E839AEF850C1 /* Pods-BasePodFoundationDemo.release.xcconfig */ = {isa = PBXFileReference; includeInIndex = 1; lastKnownFileType = text.xcconfig; name = "Pods-BasePodFoundationDemo.release.xcconfig"; path = "Pods/Target Support Files/Pods-BasePodFoundationDemo/Pods-BasePodFoundationDemo.release.xcconfig"; sourceTree = "<group>"; };
		651F343020AEAFBB006F2DB1 /* PrefixHeaderPCH.pch */ = {isa = PBXFileReference; lastKnownFileType = sourcecode.c.h; path = PrefixHeaderPCH.pch; sourceTree = "<group>"; };
		6530F53620D2388B00D55101 /* ZLTabBarViewController.h */ = {isa = PBXFileReference; fileEncoding = 4; lastKnownFileType = sourcecode.c.h; name = ZLTabBarViewController.h; path = ../../BasePodFoundationOC/BasePodFoundationOc/BasePodFoundationOc/Classes/ZLTabBar/ZLTabBarViewController.h; sourceTree = "<group>"; };
		6530F53720D2388B00D55101 /* ZLTabBarViewController.m */ = {isa = PBXFileReference; fileEncoding = 4; lastKnownFileType = sourcecode.c.objc; name = ZLTabBarViewController.m; path = ../../BasePodFoundationOC/BasePodFoundationOc/BasePodFoundationOc/Classes/ZLTabBar/ZLTabBarViewController.m; sourceTree = "<group>"; };
		6530F53920D238A600D55101 /* +.png */ = {isa = PBXFileReference; lastKnownFileType = image.png; name = "+.png"; path = "../../BasePodFoundationOC/BasePodFoundationOc/BasePodFoundationOc/Classes/ZLTabBar/+.png"; sourceTree = "<group>"; };
		6530F53A20D238A600D55101 /* +@2x.png */ = {isa = PBXFileReference; lastKnownFileType = image.png; name = "+@2x.png"; path = "../../BasePodFoundationOC/BasePodFoundationOc/BasePodFoundationOc/Classes/ZLTabBar/+@2x.png"; sourceTree = "<group>"; };
		6530F53B20D238A600D55101 /* ZLTabBar.h */ = {isa = PBXFileReference; fileEncoding = 4; lastKnownFileType = sourcecode.c.h; name = ZLTabBar.h; path = ../../BasePodFoundationOC/BasePodFoundationOc/BasePodFoundationOc/Classes/ZLTabBar/ZLTabBar.h; sourceTree = "<group>"; };
		6530F53C20D238A600D55101 /* ZLTabBar.m */ = {isa = PBXFileReference; fileEncoding = 4; lastKnownFileType = sourcecode.c.objc; name = ZLTabBar.m; path = ../../BasePodFoundationOC/BasePodFoundationOc/BasePodFoundationOc/Classes/ZLTabBar/ZLTabBar.m; sourceTree = "<group>"; };
		6530F53D20D238A600D55101 /* +@3x.png */ = {isa = PBXFileReference; lastKnownFileType = image.png; name = "+@3x.png"; path = "../../BasePodFoundationOC/BasePodFoundationOc/BasePodFoundationOc/Classes/ZLTabBar/+@3x.png"; sourceTree = "<group>"; };
		6530F54320D238DC00D55101 /* JLRRouteDefinition.m */ = {isa = PBXFileReference; fileEncoding = 4; lastKnownFileType = sourcecode.c.objc; path = JLRRouteDefinition.m; sourceTree = "<group>"; };
		6530F54420D238DC00D55101 /* JLRRouteRequest.h */ = {isa = PBXFileReference; fileEncoding = 4; lastKnownFileType = sourcecode.c.h; path = JLRRouteRequest.h; sourceTree = "<group>"; };
		6530F54520D238DC00D55101 /* JLRoutes.m */ = {isa = PBXFileReference; fileEncoding = 4; lastKnownFileType = sourcecode.c.objc; path = JLRoutes.m; sourceTree = "<group>"; };
		6530F54620D238DC00D55101 /* JLRRouteResponse.h */ = {isa = PBXFileReference; fileEncoding = 4; lastKnownFileType = sourcecode.c.h; path = JLRRouteResponse.h; sourceTree = "<group>"; };
		6530F54720D238DC00D55101 /* JLROptionalRouteParser.m */ = {isa = PBXFileReference; fileEncoding = 4; lastKnownFileType = sourcecode.c.objc; path = JLROptionalRouteParser.m; sourceTree = "<group>"; };
		6530F54820D238DC00D55101 /* JLRRouteDefinition.h */ = {isa = PBXFileReference; fileEncoding = 4; lastKnownFileType = sourcecode.c.h; path = JLRRouteDefinition.h; sourceTree = "<group>"; };
		6530F54920D238DC00D55101 /* JLRRouteRequest.m */ = {isa = PBXFileReference; fileEncoding = 4; lastKnownFileType = sourcecode.c.objc; path = JLRRouteRequest.m; sourceTree = "<group>"; };
		6530F54A20D238DC00D55101 /* JLRoutes.h */ = {isa = PBXFileReference; fileEncoding = 4; lastKnownFileType = sourcecode.c.h; path = JLRoutes.h; sourceTree = "<group>"; };
		6530F54B20D238DC00D55101 /* JLRRouteResponse.m */ = {isa = PBXFileReference; fileEncoding = 4; lastKnownFileType = sourcecode.c.objc; path = JLRRouteResponse.m; sourceTree = "<group>"; };
		6530F54C20D238DC00D55101 /* JLROptionalRouteParser.h */ = {isa = PBXFileReference; fileEncoding = 4; lastKnownFileType = sourcecode.c.h; path = JLROptionalRouteParser.h; sourceTree = "<group>"; };
		6530F55720D23E9800D55101 /* BaseViewController.h */ = {isa = PBXFileReference; lastKnownFileType = sourcecode.c.h; path = BaseViewController.h; sourceTree = "<group>"; };
		6530F55820D23E9800D55101 /* BaseViewController.m */ = {isa = PBXFileReference; lastKnownFileType = sourcecode.c.objc; path = BaseViewController.m; sourceTree = "<group>"; };
		6530F55A20D23EBE00D55101 /* HomeViewController.h */ = {isa = PBXFileReference; lastKnownFileType = sourcecode.c.h; path = HomeViewController.h; sourceTree = "<group>"; };
		6530F55B20D23EBE00D55101 /* HomeViewController.m */ = {isa = PBXFileReference; lastKnownFileType = sourcecode.c.objc; path = HomeViewController.m; sourceTree = "<group>"; };
		6530F55F20D23F9800D55101 /* ActivityViewController.h */ = {isa = PBXFileReference; lastKnownFileType = sourcecode.c.h; path = ActivityViewController.h; sourceTree = "<group>"; };
		6530F56020D23F9800D55101 /* ActivityViewController.m */ = {isa = PBXFileReference; lastKnownFileType = sourcecode.c.objc; path = ActivityViewController.m; sourceTree = "<group>"; };
		6530F56320D2400400D55101 /* FindViewController.h */ = {isa = PBXFileReference; lastKnownFileType = sourcecode.c.h; path = FindViewController.h; sourceTree = "<group>"; };
		6530F56420D2400400D55101 /* FindViewController.m */ = {isa = PBXFileReference; lastKnownFileType = sourcecode.c.objc; path = FindViewController.m; sourceTree = "<group>"; };
		6530F56A20D240E800D55101 /* MineTViewController.h */ = {isa = PBXFileReference; lastKnownFileType = sourcecode.c.h; path = MineTViewController.h; sourceTree = "<group>"; };
		6530F56B20D240E800D55101 /* MineTViewController.m */ = {isa = PBXFileReference; lastKnownFileType = sourcecode.c.objc; path = MineTViewController.m; sourceTree = "<group>"; };
		6530F56E20D2443B00D55101 /* LoginViewController.h */ = {isa = PBXFileReference; lastKnownFileType = sourcecode.c.h; path = LoginViewController.h; sourceTree = "<group>"; };
		6530F56F20D2443B00D55101 /* LoginViewController.m */ = {isa = PBXFileReference; lastKnownFileType = sourcecode.c.objc; path = LoginViewController.m; sourceTree = "<group>"; };
		653B1B8520AE77B1009A9B96 /* BasePodFoundationDemo.app */ = {isa = PBXFileReference; explicitFileType = wrapper.application; includeInIndex = 0; path = BasePodFoundationDemo.app; sourceTree = BUILT_PRODUCTS_DIR; };
		653B1B8820AE77B1009A9B96 /* AppDelegate.h */ = {isa = PBXFileReference; lastKnownFileType = sourcecode.c.h; path = AppDelegate.h; sourceTree = "<group>"; };
		653B1B8920AE77B1009A9B96 /* AppDelegate.m */ = {isa = PBXFileReference; lastKnownFileType = sourcecode.c.objc; path = AppDelegate.m; sourceTree = "<group>"; };
		653B1B8B20AE77B1009A9B96 /* ViewController.h */ = {isa = PBXFileReference; lastKnownFileType = sourcecode.c.h; path = ViewController.h; sourceTree = "<group>"; };
		653B1B8C20AE77B1009A9B96 /* ViewController.m */ = {isa = PBXFileReference; lastKnownFileType = sourcecode.c.objc; path = ViewController.m; sourceTree = "<group>"; };
		653B1B8F20AE77B1009A9B96 /* Base */ = {isa = PBXFileReference; lastKnownFileType = file.storyboard; name = Base; path = Base.lproj/Main.storyboard; sourceTree = "<group>"; };
		653B1B9120AE77B1009A9B96 /* Assets.xcassets */ = {isa = PBXFileReference; lastKnownFileType = folder.assetcatalog; path = Assets.xcassets; sourceTree = "<group>"; };
		653B1B9420AE77B1009A9B96 /* Base */ = {isa = PBXFileReference; lastKnownFileType = file.storyboard; name = Base; path = Base.lproj/LaunchScreen.storyboard; sourceTree = "<group>"; };
		653B1B9620AE77B1009A9B96 /* Info.plist */ = {isa = PBXFileReference; lastKnownFileType = text.plist.xml; path = Info.plist; sourceTree = "<group>"; };
		653B1B9720AE77B1009A9B96 /* main.m */ = {isa = PBXFileReference; lastKnownFileType = sourcecode.c.objc; path = main.m; sourceTree = "<group>"; };
		653B1B9D20AE77B2009A9B96 /* BasePodFoundationDemoTests.xctest */ = {isa = PBXFileReference; explicitFileType = wrapper.cfbundle; includeInIndex = 0; path = BasePodFoundationDemoTests.xctest; sourceTree = BUILT_PRODUCTS_DIR; };
		653B1BA120AE77B2009A9B96 /* BasePodFoundationDemoTests.m */ = {isa = PBXFileReference; lastKnownFileType = sourcecode.c.objc; path = BasePodFoundationDemoTests.m; sourceTree = "<group>"; };
		653B1BA320AE77B2009A9B96 /* Info.plist */ = {isa = PBXFileReference; lastKnownFileType = text.plist.xml; path = Info.plist; sourceTree = "<group>"; };
		653B1BA820AE77B2009A9B96 /* BasePodFoundationDemoUITests.xctest */ = {isa = PBXFileReference; explicitFileType = wrapper.cfbundle; includeInIndex = 0; path = BasePodFoundationDemoUITests.xctest; sourceTree = BUILT_PRODUCTS_DIR; };
		653B1BAC20AE77B2009A9B96 /* BasePodFoundationDemoUITests.m */ = {isa = PBXFileReference; lastKnownFileType = sourcecode.c.objc; path = BasePodFoundationDemoUITests.m; sourceTree = "<group>"; };
		653B1BAE20AE77B2009A9B96 /* Info.plist */ = {isa = PBXFileReference; lastKnownFileType = text.plist.xml; path = Info.plist; sourceTree = "<group>"; };
		65F4DB6420DB8059006918F5 /* UIImage+ImageRuntime.h */ = {isa = PBXFileReference; lastKnownFileType = sourcecode.c.h; path = "UIImage+ImageRuntime.h"; sourceTree = "<group>"; };
		65F4DB6520DB8059006918F5 /* UIImage+ImageRuntime.m */ = {isa = PBXFileReference; lastKnownFileType = sourcecode.c.objc; path = "UIImage+ImageRuntime.m"; sourceTree = "<group>"; };
		65F4DB6720DB8813006918F5 /* NSObject+property.h */ = {isa = PBXFileReference; lastKnownFileType = sourcecode.c.h; path = "NSObject+property.h"; sourceTree = "<group>"; };
		65F4DB6820DB8813006918F5 /* NSObject+property.m */ = {isa = PBXFileReference; lastKnownFileType = sourcecode.c.objc; path = "NSObject+property.m"; sourceTree = "<group>"; };
		81BD708A1041C0D1C8932D5F /* Pods-BasePodFoundationDemo.debug.xcconfig */ = {isa = PBXFileReference; includeInIndex = 1; lastKnownFileType = text.xcconfig; name = "Pods-BasePodFoundationDemo.debug.xcconfig"; path = "Pods/Target Support Files/Pods-BasePodFoundationDemo/Pods-BasePodFoundationDemo.debug.xcconfig"; sourceTree = "<group>"; };
		D5F0B79B93E001182062988D /* libPods-BasePodFoundationDemo.a */ = {isa = PBXFileReference; explicitFileType = archive.ar; includeInIndex = 0; path = "libPods-BasePodFoundationDemo.a"; sourceTree = BUILT_PRODUCTS_DIR; };
/* End PBXFileReference section */

/* Begin PBXFrameworksBuildPhase section */
		653B1B8220AE77B1009A9B96 /* Frameworks */ = {
			isa = PBXFrameworksBuildPhase;
			buildActionMask = 2147483647;
			files = (
				247D8AEFA8F85CCF942A45EB /* libPods-BasePodFoundationDemo.a in Frameworks */,
			);
			runOnlyForDeploymentPostprocessing = 0;
		};
		653B1B9A20AE77B2009A9B96 /* Frameworks */ = {
			isa = PBXFrameworksBuildPhase;
			buildActionMask = 2147483647;
			files = (
			);
			runOnlyForDeploymentPostprocessing = 0;
		};
		653B1BA520AE77B2009A9B96 /* Frameworks */ = {
			isa = PBXFrameworksBuildPhase;
			buildActionMask = 2147483647;
			files = (
			);
			runOnlyForDeploymentPostprocessing = 0;
		};
/* End PBXFrameworksBuildPhase section */

/* Begin PBXGroup section */
		149C4833433AD6F400671699 /* Pods */ = {
			isa = PBXGroup;
			children = (
				81BD708A1041C0D1C8932D5F /* Pods-BasePodFoundationDemo.debug.xcconfig */,
				4B2F2ABB9446E839AEF850C1 /* Pods-BasePodFoundationDemo.release.xcconfig */,
			);
			name = Pods;
			sourceTree = "<group>";
		};
		244A6C90823571B72866FD0C /* Frameworks */ = {
			isa = PBXGroup;
			children = (
				D5F0B79B93E001182062988D /* libPods-BasePodFoundationDemo.a */,
			);
			name = Frameworks;
			sourceTree = "<group>";
		};
		6530F54220D238DC00D55101 /* JLRoute */ = {
			isa = PBXGroup;
			children = (
				6530F54320D238DC00D55101 /* JLRRouteDefinition.m */,
				6530F54420D238DC00D55101 /* JLRRouteRequest.h */,
				6530F54520D238DC00D55101 /* JLRoutes.m */,
				6530F54620D238DC00D55101 /* JLRRouteResponse.h */,
				6530F54720D238DC00D55101 /* JLROptionalRouteParser.m */,
				6530F54820D238DC00D55101 /* JLRRouteDefinition.h */,
				6530F54920D238DC00D55101 /* JLRRouteRequest.m */,
				6530F54A20D238DC00D55101 /* JLRoutes.h */,
				6530F54B20D238DC00D55101 /* JLRRouteResponse.m */,
				6530F54C20D238DC00D55101 /* JLROptionalRouteParser.h */,
			);
			name = JLRoute;
			path = ../../BasePodFoundationOC/BasePodFoundationOc/BasePodFoundationOc/Classes/JLRoute;
			sourceTree = "<group>";
		};
		6530F55220D23D1A00D55101 /* Controller */ = {
			isa = PBXGroup;
			children = (
				6530F55A20D23EBE00D55101 /* HomeViewController.h */,
				6530F55B20D23EBE00D55101 /* HomeViewController.m */,
				65F4DB6420DB8059006918F5 /* UIImage+ImageRuntime.h */,
				65F4DB6520DB8059006918F5 /* UIImage+ImageRuntime.m */,
				65F4DB6720DB8813006918F5 /* NSObject+property.h */,
				65F4DB6820DB8813006918F5 /* NSObject+property.m */,
			);
			path = Controller;
			sourceTree = "<group>";
		};
		6530F55620D23E7200D55101 /* BaseViewConroller */ = {
			isa = PBXGroup;
			children = (
				6530F55720D23E9800D55101 /* BaseViewController.h */,
				6530F55820D23E9800D55101 /* BaseViewController.m */,
			);
			path = BaseViewConroller;
			sourceTree = "<group>";
		};
		6530F55E20D23F7E00D55101 /* Activity */ = {
			isa = PBXGroup;
			children = (
				6530F55F20D23F9800D55101 /* ActivityViewController.h */,
				6530F56020D23F9800D55101 /* ActivityViewController.m */,
			);
			path = Activity;
			sourceTree = "<group>";
		};
		6530F56220D23FF200D55101 /* Find */ = {
			isa = PBXGroup;
			children = (
				6530F56320D2400400D55101 /* FindViewController.h */,
				6530F56420D2400400D55101 /* FindViewController.m */,
			);
			path = Find;
			sourceTree = "<group>";
		};
		6530F56620D2405200D55101 /* Mine */ = {
			isa = PBXGroup;
			children = (
				6530F56A20D240E800D55101 /* MineTViewController.h */,
				6530F56B20D240E800D55101 /* MineTViewController.m */,
			);
			path = Mine;
			sourceTree = "<group>";
		};
		6530F56D20D2441200D55101 /* Login模块 */ = {
			isa = PBXGroup;
			children = (
				6530F56E20D2443B00D55101 /* LoginViewController.h */,
				6530F56F20D2443B00D55101 /* LoginViewController.m */,
			);
			path = "Login模块";
			sourceTree = "<group>";
		};
		653B1B7C20AE77B1009A9B96 = {
			isa = PBXGroup;
			children = (
				653B1B8720AE77B1009A9B96 /* BasePodFoundationDemo */,
				653B1BA020AE77B2009A9B96 /* BasePodFoundationDemoTests */,
				653B1BAB20AE77B2009A9B96 /* BasePodFoundationDemoUITests */,
				653B1B8620AE77B1009A9B96 /* Products */,
				149C4833433AD6F400671699 /* Pods */,
				244A6C90823571B72866FD0C /* Frameworks */,
			);
			sourceTree = "<group>";
		};
		653B1B8620AE77B1009A9B96 /* Products */ = {
			isa = PBXGroup;
			children = (
				653B1B8520AE77B1009A9B96 /* BasePodFoundationDemo.app */,
				653B1B9D20AE77B2009A9B96 /* BasePodFoundationDemoTests.xctest */,
				653B1BA820AE77B2009A9B96 /* BasePodFoundationDemoUITests.xctest */,
			);
			name = Products;
			sourceTree = "<group>";
		};
		653B1B8720AE77B1009A9B96 /* BasePodFoundationDemo */ = {
			isa = PBXGroup;
			children = (
				6530F56D20D2441200D55101 /* Login模块 */,
				6530F56620D2405200D55101 /* Mine */,
				6530F56220D23FF200D55101 /* Find */,
				6530F55E20D23F7E00D55101 /* Activity */,
				6530F55620D23E7200D55101 /* BaseViewConroller */,
				6530F55220D23D1A00D55101 /* Controller */,
				6530F54220D238DC00D55101 /* JLRoute */,
				6530F53920D238A600D55101 /* +.png */,
				6530F53A20D238A600D55101 /* +@2x.png */,
				6530F53D20D238A600D55101 /* +@3x.png */,
				6530F53B20D238A600D55101 /* ZLTabBar.h */,
				6530F53C20D238A600D55101 /* ZLTabBar.m */,
				6530F53620D2388B00D55101 /* ZLTabBarViewController.h */,
				6530F53720D2388B00D55101 /* ZLTabBarViewController.m */,
				653B1B8820AE77B1009A9B96 /* AppDelegate.h */,
				653B1B8920AE77B1009A9B96 /* AppDelegate.m */,
				653B1B8B20AE77B1009A9B96 /* ViewController.h */,
				653B1B8C20AE77B1009A9B96 /* ViewController.m */,
				653B1B8E20AE77B1009A9B96 /* Main.storyboard */,
				653B1B9120AE77B1009A9B96 /* Assets.xcassets */,
				653B1B9320AE77B1009A9B96 /* LaunchScreen.storyboard */,
				653B1B9620AE77B1009A9B96 /* Info.plist */,
				653B1B9720AE77B1009A9B96 /* main.m */,
				651F343020AEAFBB006F2DB1 /* PrefixHeaderPCH.pch */,
			);
			path = BasePodFoundationDemo;
			sourceTree = "<group>";
		};
		653B1BA020AE77B2009A9B96 /* BasePodFoundationDemoTests */ = {
			isa = PBXGroup;
			children = (
				653B1BA120AE77B2009A9B96 /* BasePodFoundationDemoTests.m */,
				653B1BA320AE77B2009A9B96 /* Info.plist */,
			);
			path = BasePodFoundationDemoTests;
			sourceTree = "<group>";
		};
		653B1BAB20AE77B2009A9B96 /* BasePodFoundationDemoUITests */ = {
			isa = PBXGroup;
			children = (
				653B1BAC20AE77B2009A9B96 /* BasePodFoundationDemoUITests.m */,
				653B1BAE20AE77B2009A9B96 /* Info.plist */,
			);
			path = BasePodFoundationDemoUITests;
			sourceTree = "<group>";
		};
/* End PBXGroup section */

/* Begin PBXNativeTarget section */
		653B1B8420AE77B1009A9B96 /* BasePodFoundationDemo */ = {
			isa = PBXNativeTarget;
			buildConfigurationList = 653B1BB120AE77B2009A9B96 /* Build configuration list for PBXNativeTarget "BasePodFoundationDemo" */;
			buildPhases = (
				F0DAE7B04F9DE10461A7ECD4 /* [CP] Check Pods Manifest.lock */,
				653B1B8120AE77B1009A9B96 /* Sources */,
				653B1B8220AE77B1009A9B96 /* Frameworks */,
				653B1B8320AE77B1009A9B96 /* Resources */,
				5E561F520FDAB6FCB616C62E /* [CP] Copy Pods Resources */,
			);
			buildRules = (
			);
			dependencies = (
			);
			name = BasePodFoundationDemo;
			productName = BasePodFoundationDemo;
			productReference = 653B1B8520AE77B1009A9B96 /* BasePodFoundationDemo.app */;
			productType = "com.apple.product-type.application";
		};
		653B1B9C20AE77B2009A9B96 /* BasePodFoundationDemoTests */ = {
			isa = PBXNativeTarget;
			buildConfigurationList = 653B1BB420AE77B2009A9B96 /* Build configuration list for PBXNativeTarget "BasePodFoundationDemoTests" */;
			buildPhases = (
				653B1B9920AE77B2009A9B96 /* Sources */,
				653B1B9A20AE77B2009A9B96 /* Frameworks */,
				653B1B9B20AE77B2009A9B96 /* Resources */,
			);
			buildRules = (
			);
			dependencies = (
				653B1B9F20AE77B2009A9B96 /* PBXTargetDependency */,
			);
			name = BasePodFoundationDemoTests;
			productName = BasePodFoundationDemoTests;
			productReference = 653B1B9D20AE77B2009A9B96 /* BasePodFoundationDemoTests.xctest */;
			productType = "com.apple.product-type.bundle.unit-test";
		};
		653B1BA720AE77B2009A9B96 /* BasePodFoundationDemoUITests */ = {
			isa = PBXNativeTarget;
			buildConfigurationList = 653B1BB720AE77B2009A9B96 /* Build configuration list for PBXNativeTarget "BasePodFoundationDemoUITests" */;
			buildPhases = (
				653B1BA420AE77B2009A9B96 /* Sources */,
				653B1BA520AE77B2009A9B96 /* Frameworks */,
				653B1BA620AE77B2009A9B96 /* Resources */,
			);
			buildRules = (
			);
			dependencies = (
				653B1BAA20AE77B2009A9B96 /* PBXTargetDependency */,
			);
			name = BasePodFoundationDemoUITests;
			productName = BasePodFoundationDemoUITests;
			productReference = 653B1BA820AE77B2009A9B96 /* BasePodFoundationDemoUITests.xctest */;
			productType = "com.apple.product-type.bundle.ui-testing";
		};
/* End PBXNativeTarget section */

/* Begin PBXProject section */
		653B1B7D20AE77B1009A9B96 /* Project object */ = {
			isa = PBXProject;
			attributes = {
				LastUpgradeCheck = 0920;
				ORGANIZATIONNAME = zhangle;
				TargetAttributes = {
					653B1B8420AE77B1009A9B96 = {
						CreatedOnToolsVersion = 9.2;
						ProvisioningStyle = Automatic;
					};
					653B1B9C20AE77B2009A9B96 = {
						CreatedOnToolsVersion = 9.2;
						ProvisioningStyle = Automatic;
						TestTargetID = 653B1B8420AE77B1009A9B96;
					};
					653B1BA720AE77B2009A9B96 = {
						CreatedOnToolsVersion = 9.2;
						ProvisioningStyle = Automatic;
						TestTargetID = 653B1B8420AE77B1009A9B96;
					};
				};
			};
			buildConfigurationList = 653B1B8020AE77B1009A9B96 /* Build configuration list for PBXProject "BasePodFoundationDemo" */;
			compatibilityVersion = "Xcode 8.0";
			developmentRegion = en;
			hasScannedForEncodings = 0;
			knownRegions = (
				en,
				Base,
			);
			mainGroup = 653B1B7C20AE77B1009A9B96;
			productRefGroup = 653B1B8620AE77B1009A9B96 /* Products */;
			projectDirPath = "";
			projectRoot = "";
			targets = (
				653B1B8420AE77B1009A9B96 /* BasePodFoundationDemo */,
				653B1B9C20AE77B2009A9B96 /* BasePodFoundationDemoTests */,
				653B1BA720AE77B2009A9B96 /* BasePodFoundationDemoUITests */,
			);
		};
/* End PBXProject section */

/* Begin PBXResourcesBuildPhase section */
		653B1B8320AE77B1009A9B96 /* Resources */ = {
			isa = PBXResourcesBuildPhase;
			buildActionMask = 2147483647;
			files = (
				653B1B9520AE77B1009A9B96 /* LaunchScreen.storyboard in Resources */,
				653B1B9220AE77B1009A9B96 /* Assets.xcassets in Resources */,
				6530F53F20D238A600D55101 /* +@2x.png in Resources */,
				6530F54120D238A600D55101 /* +@3x.png in Resources */,
				653B1B9020AE77B1009A9B96 /* Main.storyboard in Resources */,
				6530F53E20D238A600D55101 /* +.png in Resources */,
			);
			runOnlyForDeploymentPostprocessing = 0;
		};
		653B1B9B20AE77B2009A9B96 /* Resources */ = {
			isa = PBXResourcesBuildPhase;
			buildActionMask = 2147483647;
			files = (
			);
			runOnlyForDeploymentPostprocessing = 0;
		};
		653B1BA620AE77B2009A9B96 /* Resources */ = {
			isa = PBXResourcesBuildPhase;
			buildActionMask = 2147483647;
			files = (
			);
			runOnlyForDeploymentPostprocessing = 0;
		};
/* End PBXResourcesBuildPhase section */

/* Begin PBXShellScriptBuildPhase section */
		5E561F520FDAB6FCB616C62E /* [CP] Copy Pods Resources */ = {
			isa = PBXShellScriptBuildPhase;
			buildActionMask = 2147483647;
			files = (
			);
			inputPaths = (
				"${SRCROOT}/Pods/Target Support Files/Pods-BasePodFoundationDemo/Pods-BasePodFoundationDemo-resources.sh",
				"${PODS_CONFIGURATION_BUILD_DIR}/BasePodFoundation/ZLBundle.bundle",
			);
			name = "[CP] Copy Pods Resources";
			outputPaths = (
				"${TARGET_BUILD_DIR}/${UNLOCALIZED_RESOURCES_FOLDER_PATH}/ZLBundle.bundle",
			);
			runOnlyForDeploymentPostprocessing = 0;
			shellPath = /bin/sh;
			shellScript = "\"${SRCROOT}/Pods/Target Support Files/Pods-BasePodFoundationDemo/Pods-BasePodFoundationDemo-resources.sh\"\n";
			showEnvVarsInLog = 0;
		};
		F0DAE7B04F9DE10461A7ECD4 /* [CP] Check Pods Manifest.lock */ = {
			isa = PBXShellScriptBuildPhase;
			buildActionMask = 2147483647;
			files = (
			);
			inputPaths = (
				"${PODS_PODFILE_DIR_PATH}/Podfile.lock",
				"${PODS_ROOT}/Manifest.lock",
			);
			name = "[CP] Check Pods Manifest.lock";
			outputPaths = (
				"$(DERIVED_FILE_DIR)/Pods-BasePodFoundationDemo-checkManifestLockResult.txt",
			);
			runOnlyForDeploymentPostprocessing = 0;
			shellPath = /bin/sh;
			shellScript = "diff \"${PODS_PODFILE_DIR_PATH}/Podfile.lock\" \"${PODS_ROOT}/Manifest.lock\" > /dev/null\nif [ $? != 0 ] ; then\n    # print error to STDERR\n    echo \"error: The sandbox is not in sync with the Podfile.lock. Run 'pod install' or update your CocoaPods installation.\" >&2\n    exit 1\nfi\n# This output is used by Xcode 'outputs' to avoid re-running this script phase.\necho \"SUCCESS\" > \"${SCRIPT_OUTPUT_FILE_0}\"\n";
			showEnvVarsInLog = 0;
		};
/* End PBXShellScriptBuildPhase section */

/* Begin PBXSourcesBuildPhase section */
		653B1B8120AE77B1009A9B96 /* Sources */ = {
			isa = PBXSourcesBuildPhase;
			buildActionMask = 2147483647;
			files = (
				6530F53820D2388B00D55101 /* ZLTabBarViewController.m in Sources */,
				65F4DB6620DB8059006918F5 /* UIImage+ImageRuntime.m in Sources */,
				6530F55920D23E9800D55101 /* BaseViewController.m in Sources */,
				6530F54020D238A600D55101 /* ZLTabBar.m in Sources */,
				653B1B8D20AE77B1009A9B96 /* ViewController.m in Sources */,
				6530F55020D238DC00D55101 /* JLRRouteRequest.m in Sources */,
				6530F54E20D238DC00D55101 /* JLRoutes.m in Sources */,
				6530F55120D238DC00D55101 /* JLRRouteResponse.m in Sources */,
				653B1B9820AE77B1009A9B96 /* main.m in Sources */,
				6530F57020D2443C00D55101 /* LoginViewController.m in Sources */,
				6530F54F20D238DC00D55101 /* JLROptionalRouteParser.m in Sources */,
				6530F56120D23F9800D55101 /* ActivityViewController.m in Sources */,
				653B1B8A20AE77B1009A9B96 /* AppDelegate.m in Sources */,
				6530F54D20D238DC00D55101 /* JLRRouteDefinition.m in Sources */,
				6530F55C20D23EBE00D55101 /* HomeViewController.m in Sources */,
				6530F56520D2400400D55101 /* FindViewController.m in Sources */,
				65F4DB6920DB8813006918F5 /* NSObject+property.m in Sources */,
				6530F56C20D240E800D55101 /* MineTViewController.m in Sources */,
			);
			runOnlyForDeploymentPostprocessing = 0;
		};
		653B1B9920AE77B2009A9B96 /* Sources */ = {
			isa = PBXSourcesBuildPhase;
			buildActionMask = 2147483647;
			files = (
				653B1BA220AE77B2009A9B96 /* BasePodFoundationDemoTests.m in Sources */,
			);
			runOnlyForDeploymentPostprocessing = 0;
		};
		653B1BA420AE77B2009A9B96 /* Sources */ = {
			isa = PBXSourcesBuildPhase;
			buildActionMask = 2147483647;
			files = (
				653B1BAD20AE77B2009A9B96 /* BasePodFoundationDemoUITests.m in Sources */,
			);
			runOnlyForDeploymentPostprocessing = 0;
		};
/* End PBXSourcesBuildPhase section */

/* Begin PBXTargetDependency section */
		653B1B9F20AE77B2009A9B96 /* PBXTargetDependency */ = {
			isa = PBXTargetDependency;
			target = 653B1B8420AE77B1009A9B96 /* BasePodFoundationDemo */;
			targetProxy = 653B1B9E20AE77B2009A9B96 /* PBXContainerItemProxy */;
		};
		653B1BAA20AE77B2009A9B96 /* PBXTargetDependency */ = {
			isa = PBXTargetDependency;
			target = 653B1B8420AE77B1009A9B96 /* BasePodFoundationDemo */;
			targetProxy = 653B1BA920AE77B2009A9B96 /* PBXContainerItemProxy */;
		};
/* End PBXTargetDependency section */

/* Begin PBXVariantGroup section */
		653B1B8E20AE77B1009A9B96 /* Main.storyboard */ = {
			isa = PBXVariantGroup;
			children = (
				653B1B8F20AE77B1009A9B96 /* Base */,
			);
			name = Main.storyboard;
			sourceTree = "<group>";
		};
		653B1B9320AE77B1009A9B96 /* LaunchScreen.storyboard */ = {
			isa = PBXVariantGroup;
			children = (
				653B1B9420AE77B1009A9B96 /* Base */,
			);
			name = LaunchScreen.storyboard;
			sourceTree = "<group>";
		};
/* End PBXVariantGroup section */

/* Begin XCBuildConfiguration section */
		653B1BAF20AE77B2009A9B96 /* Debug */ = {
			isa = XCBuildConfiguration;
			buildSettings = {
				ALWAYS_SEARCH_USER_PATHS = NO;
				CLANG_ANALYZER_NONNULL = YES;
				CLANG_ANALYZER_NUMBER_OBJECT_CONVERSION = YES_AGGRESSIVE;
				CLANG_CXX_LANGUAGE_STANDARD = "gnu++14";
				CLANG_CXX_LIBRARY = "libc++";
				CLANG_ENABLE_MODULES = YES;
				CLANG_ENABLE_OBJC_ARC = YES;
				CLANG_WARN_BLOCK_CAPTURE_AUTORELEASING = YES;
				CLANG_WARN_BOOL_CONVERSION = YES;
				CLANG_WARN_COMMA = YES;
				CLANG_WARN_CONSTANT_CONVERSION = YES;
				CLANG_WARN_DIRECT_OBJC_ISA_USAGE = YES_ERROR;
				CLANG_WARN_DOCUMENTATION_COMMENTS = YES;
				CLANG_WARN_EMPTY_BODY = YES;
				CLANG_WARN_ENUM_CONVERSION = YES;
				CLANG_WARN_INFINITE_RECURSION = YES;
				CLANG_WARN_INT_CONVERSION = YES;
				CLANG_WARN_NON_LITERAL_NULL_CONVERSION = YES;
				CLANG_WARN_OBJC_LITERAL_CONVERSION = YES;
				CLANG_WARN_OBJC_ROOT_CLASS = YES_ERROR;
				CLANG_WARN_RANGE_LOOP_ANALYSIS = YES;
				CLANG_WARN_STRICT_PROTOTYPES = YES;
				CLANG_WARN_SUSPICIOUS_MOVE = YES;
				CLANG_WARN_UNGUARDED_AVAILABILITY = YES_AGGRESSIVE;
				CLANG_WARN_UNREACHABLE_CODE = YES;
				CLANG_WARN__DUPLICATE_METHOD_MATCH = YES;
				CODE_SIGN_IDENTITY = "iPhone Developer";
				COPY_PHASE_STRIP = NO;
				DEBUG_INFORMATION_FORMAT = dwarf;
				ENABLE_STRICT_OBJC_MSGSEND = YES;
				ENABLE_TESTABILITY = YES;
				GCC_C_LANGUAGE_STANDARD = gnu11;
				GCC_DYNAMIC_NO_PIC = NO;
				GCC_NO_COMMON_BLOCKS = YES;
				GCC_OPTIMIZATION_LEVEL = 0;
				GCC_PREPROCESSOR_DEFINITIONS = (
					"DEBUG=1",
					"$(inherited)",
				);
				GCC_WARN_64_TO_32_BIT_CONVERSION = YES;
				GCC_WARN_ABOUT_RETURN_TYPE = YES_ERROR;
				GCC_WARN_UNDECLARED_SELECTOR = YES;
				GCC_WARN_UNINITIALIZED_AUTOS = YES_AGGRESSIVE;
				GCC_WARN_UNUSED_FUNCTION = YES;
				GCC_WARN_UNUSED_VARIABLE = YES;
				IPHONEOS_DEPLOYMENT_TARGET = 11.2;
				MTL_ENABLE_DEBUG_INFO = YES;
				ONLY_ACTIVE_ARCH = YES;
				SDKROOT = iphoneos;
			};
			name = Debug;
		};
		653B1BB020AE77B2009A9B96 /* Release */ = {
			isa = XCBuildConfiguration;
			buildSettings = {
				ALWAYS_SEARCH_USER_PATHS = NO;
				CLANG_ANALYZER_NONNULL = YES;
				CLANG_ANALYZER_NUMBER_OBJECT_CONVERSION = YES_AGGRESSIVE;
				CLANG_CXX_LANGUAGE_STANDARD = "gnu++14";
				CLANG_CXX_LIBRARY = "libc++";
				CLANG_ENABLE_MODULES = YES;
				CLANG_ENABLE_OBJC_ARC = YES;
				CLANG_WARN_BLOCK_CAPTURE_AUTORELEASING = YES;
				CLANG_WARN_BOOL_CONVERSION = YES;
				CLANG_WARN_COMMA = YES;
				CLANG_WARN_CONSTANT_CONVERSION = YES;
				CLANG_WARN_DIRECT_OBJC_ISA_USAGE = YES_ERROR;
				CLANG_WARN_DOCUMENTATION_COMMENTS = YES;
				CLANG_WARN_EMPTY_BODY = YES;
				CLANG_WARN_ENUM_CONVERSION = YES;
				CLANG_WARN_INFINITE_RECURSION = YES;
				CLANG_WARN_INT_CONVERSION = YES;
				CLANG_WARN_NON_LITERAL_NULL_CONVERSION = YES;
				CLANG_WARN_OBJC_LITERAL_CONVERSION = YES;
				CLANG_WARN_OBJC_ROOT_CLASS = YES_ERROR;
				CLANG_WARN_RANGE_LOOP_ANALYSIS = YES;
				CLANG_WARN_STRICT_PROTOTYPES = YES;
				CLANG_WARN_SUSPICIOUS_MOVE = YES;
				CLANG_WARN_UNGUARDED_AVAILABILITY = YES_AGGRESSIVE;
				CLANG_WARN_UNREACHABLE_CODE = YES;
				CLANG_WARN__DUPLICATE_METHOD_MATCH = YES;
				CODE_SIGN_IDENTITY = "iPhone Developer";
				COPY_PHASE_STRIP = NO;
				DEBUG_INFORMATION_FORMAT = "dwarf-with-dsym";
				ENABLE_NS_ASSERTIONS = NO;
				ENABLE_STRICT_OBJC_MSGSEND = YES;
				GCC_C_LANGUAGE_STANDARD = gnu11;
				GCC_NO_COMMON_BLOCKS = YES;
				GCC_WARN_64_TO_32_BIT_CONVERSION = YES;
				GCC_WARN_ABOUT_RETURN_TYPE = YES_ERROR;
				GCC_WARN_UNDECLARED_SELECTOR = YES;
				GCC_WARN_UNINITIALIZED_AUTOS = YES_AGGRESSIVE;
				GCC_WARN_UNUSED_FUNCTION = YES;
				GCC_WARN_UNUSED_VARIABLE = YES;
				IPHONEOS_DEPLOYMENT_TARGET = 11.2;
				MTL_ENABLE_DEBUG_INFO = NO;
				SDKROOT = iphoneos;
				VALIDATE_PRODUCT = YES;
			};
			name = Release;
		};
		653B1BB220AE77B2009A9B96 /* Debug */ = {
			isa = XCBuildConfiguration;
			baseConfigurationReference = 81BD708A1041C0D1C8932D5F /* Pods-BasePodFoundationDemo.debug.xcconfig */;
			buildSettings = {
				ASSETCATALOG_COMPILER_APPICON_NAME = AppIcon;
				CODE_SIGN_STYLE = Automatic;
				DEVELOPMENT_TEAM = 26QGR75XUB;
				GCC_PRECOMPILE_PREFIX_HEADER = YES;
				GCC_PREFIX_HEADER = /Users/miugodigital/Desktop/BasePodFoundationDemo/BasePodFoundationDemo/BasePodFoundationDemo/PrefixHeaderPCH.pch;
				INFOPLIST_FILE = BasePodFoundationDemo/Info.plist;
				IPHONEOS_DEPLOYMENT_TARGET = 9.0;
				LD_RUNPATH_SEARCH_PATHS = "$(inherited) @executable_path/Frameworks";
				PRODUCT_BUNDLE_IDENTIFIER = com.test.IntelligenceCommunity.BasePodFoundationDemo;
				PRODUCT_NAME = "$(TARGET_NAME)";
				SHARED_PRECOMPS_DIR = "";
				TARGETED_DEVICE_FAMILY = "1,2";
			};
			name = Debug;
		};
		653B1BB320AE77B2009A9B96 /* Release */ = {
			isa = XCBuildConfiguration;
			baseConfigurationReference = 4B2F2ABB9446E839AEF850C1 /* Pods-BasePodFoundationDemo.release.xcconfig */;
			buildSettings = {
				ASSETCATALOG_COMPILER_APPICON_NAME = AppIcon;
				CODE_SIGN_STYLE = Automatic;
				DEVELOPMENT_TEAM = 26QGR75XUB;
				GCC_PRECOMPILE_PREFIX_HEADER = YES;
				GCC_PREFIX_HEADER = /Users/miugodigital/Desktop/BasePodFoundationDemo/BasePodFoundationDemo/BasePodFoundationDemo/PrefixHeaderPCH.pch;
				INFOPLIST_FILE = BasePodFoundationDemo/Info.plist;
				IPHONEOS_DEPLOYMENT_TARGET = 9.0;
				LD_RUNPATH_SEARCH_PATHS = "$(inherited) @executable_path/Frameworks";
				PRODUCT_BUNDLE_IDENTIFIER = com.test.IntelligenceCommunity.BasePodFoundationDemo;
				PRODUCT_NAME = "$(TARGET_NAME)";
				SHARED_PRECOMPS_DIR = "";
				TARGETED_DEVICE_FAMILY = "1,2";
			};
			name = Release;
		};
		653B1BB520AE77B2009A9B96 /* Debug */ = {
			isa = XCBuildConfiguration;
			buildSettings = {
				BUNDLE_LOADER = "$(TEST_HOST)";
				CODE_SIGN_STYLE = Automatic;
				DEVELOPMENT_TEAM = 26QGR75XUB;
				INFOPLIST_FILE = BasePodFoundationDemoTests/Info.plist;
				LD_RUNPATH_SEARCH_PATHS = "$(inherited) @executable_path/Frameworks @loader_path/Frameworks";
				PRODUCT_BUNDLE_IDENTIFIER = com.test.IntelligenceCommunity.BasePodFoundationDemoTests;
				PRODUCT_NAME = "$(TARGET_NAME)";
				TARGETED_DEVICE_FAMILY = "1,2";
				TEST_HOST = "$(BUILT_PRODUCTS_DIR)/BasePodFoundationDemo.app/BasePodFoundationDemo";
			};
			name = Debug;
		};
		653B1BB620AE77B2009A9B96 /* Release */ = {
			isa = XCBuildConfiguration;
			buildSettings = {
				BUNDLE_LOADER = "$(TEST_HOST)";
				CODE_SIGN_STYLE = Automatic;
				DEVELOPMENT_TEAM = 26QGR75XUB;
				INFOPLIST_FILE = BasePodFoundationDemoTests/Info.plist;
				LD_RUNPATH_SEARCH_PATHS = "$(inherited) @executable_path/Frameworks @loader_path/Frameworks";
				PRODUCT_BUNDLE_IDENTIFIER = com.test.IntelligenceCommunity.BasePodFoundationDemoTests;
				PRODUCT_NAME = "$(TARGET_NAME)";
				TARGETED_DEVICE_FAMILY = "1,2";
				TEST_HOST = "$(BUILT_PRODUCTS_DIR)/BasePodFoundationDemo.app/BasePodFoundationDemo";
			};
			name = Release;
		};
		653B1BB820AE77B2009A9B96 /* Debug */ = {
			isa = XCBuildConfiguration;
			buildSettings = {
				CODE_SIGN_STYLE = Automatic;
				DEVELOPMENT_TEAM = 26QGR75XUB;
				INFOPLIST_FILE = BasePodFoundationDemoUITests/Info.plist;
				LD_RUNPATH_SEARCH_PATHS = "$(inherited) @executable_path/Frameworks @loader_path/Frameworks";
				PRODUCT_BUNDLE_IDENTIFIER = com.test.IntelligenceCommunity.BasePodFoundationDemoUITests;
				PRODUCT_NAME = "$(TARGET_NAME)";
				TARGETED_DEVICE_FAMILY = "1,2";
				TEST_TARGET_NAME = BasePodFoundationDemo;
			};
			name = Debug;
		};
		653B1BB920AE77B2009A9B96 /* Release */ = {
			isa = XCBuildConfiguration;
			buildSettings = {
				CODE_SIGN_STYLE = Automatic;
				DEVELOPMENT_TEAM = 26QGR75XUB;
				INFOPLIST_FILE = BasePodFoundationDemoUITests/Info.plist;
				LD_RUNPATH_SEARCH_PATHS = "$(inherited) @executable_path/Frameworks @loader_path/Frameworks";
				PRODUCT_BUNDLE_IDENTIFIER = com.test.IntelligenceCommunity.BasePodFoundationDemoUITests;
				PRODUCT_NAME = "$(TARGET_NAME)";
				TARGETED_DEVICE_FAMILY = "1,2";
				TEST_TARGET_NAME = BasePodFoundationDemo;
			};
			name = Release;
		};
/* End XCBuildConfiguration section */

/* Begin XCConfigurationList section */
		653B1B8020AE77B1009A9B96 /* Build configuration list for PBXProject "BasePodFoundationDemo" */ = {
			isa = XCConfigurationList;
			buildConfigurations = (
				653B1BAF20AE77B2009A9B96 /* Debug */,
				653B1BB020AE77B2009A9B96 /* Release */,
			);
			defaultConfigurationIsVisible = 0;
			defaultConfigurationName = Release;
		};
		653B1BB120AE77B2009A9B96 /* Build configuration list for PBXNativeTarget "BasePodFoundationDemo" */ = {
			isa = XCConfigurationList;
			buildConfigurations = (
				653B1BB220AE77B2009A9B96 /* Debug */,
				653B1BB320AE77B2009A9B96 /* Release */,
			);
			defaultConfigurationIsVisible = 0;
			defaultConfigurationName = Release;
		};
		653B1BB420AE77B2009A9B96 /* Build configuration list for PBXNativeTarget "BasePodFoundationDemoTests" */ = {
			isa = XCConfigurationList;
			buildConfigurations = (
				653B1BB520AE77B2009A9B96 /* Debug */,
				653B1BB620AE77B2009A9B96 /* Release */,
			);
			defaultConfigurationIsVisible = 0;
			defaultConfigurationName = Release;
		};
		653B1BB720AE77B2009A9B96 /* Build configuration list for PBXNativeTarget "BasePodFoundationDemoUITests" */ = {
			isa = XCConfigurationList;
			buildConfigurations = (
				653B1BB820AE77B2009A9B96 /* Debug */,
				653B1BB920AE77B2009A9B96 /* Release */,
			);
			defaultConfigurationIsVisible = 0;
			defaultConfigurationName = Release;
		};
/* End XCConfigurationList section */
	};
	rootObject = 653B1B7D20AE77B1009A9B96 /* Project object */;
}
